
Microsoft Visual Studio Solution File, Format Version 12.00
# Visual Studio 15
VisualStudioVersion = 15.0.27130.2036
MinimumVisualStudioVersion = 10.0.40219.1
Project("{9A19103F-16F7-4668-BE54-9A1E7A4F7556}") = "Dime.Services", "Dime.Services\Dime.Services.csproj", "{2B363383-B981-4316-91DA-6345546B1333}"
EndProject
Project("{2150E333-8FDC-42A3-9474-1A3956D46DE8}") = "Tests", "Tests", "{24CD3C26-1EB6-4514-B88A-1A0D4F34C36D}"
EndProject
Project("{9A19103F-16F7-4668-BE54-9A1E7A4F7556}") = "Scrutor.Tests", "test\Scrutor.Tests.csproj", "{7F34BD8E-3639-41CC-8C21-3BA27E0021C0}"
EndProject
Project("{9A19103F-16F7-4668-BE54-9A1E7A4F7556}") = "Dime.Services.Scrutor", "Dime.Services.Scrutor\Dime.Services.Scrutor.csproj", "{F202D9C0-AF67-4EAB-B260-25578CBB3C97}"
EndProject
Global
	GlobalSection(SolutionConfigurationPlatforms) = preSolution
		Debug|Any CPU = Debug|Any CPU
		Release|Any CPU = Release|Any CPU
	EndGlobalSection
	GlobalSection(ProjectConfigurationPlatforms) = postSolution
		{2B363383-B981-4316-91DA-6345546B1333}.Debug|Any CPU.ActiveCfg = Debug|Any CPU
		{2B363383-B981-4316-91DA-6345546B1333}.Debug|Any CPU.Build.0 = Debug|Any CPU
		{2B363383-B981-4316-91DA-6345546B1333}.Release|Any CPU.ActiveCfg = Release|Any CPU
		{2B363383-B981-4316-91DA-6345546B1333}.Release|Any CPU.Build.0 = Release|Any CPU
		{7F34BD8E-3639-41CC-8C21-3BA27E0021C0}.Debug|Any CPU.ActiveCfg = Debug|Any CPU
		{7F34BD8E-3639-41CC-8C21-3BA27E0021C0}.Debug|Any CPU.Build.0 = Debug|Any CPU
		{7F34BD8E-3639-41CC-8C21-3BA27E0021C0}.Release|Any CPU.ActiveCfg = Release|Any CPU
		{7F34BD8E-3639-41CC-8C21-3BA27E0021C0}.Release|Any CPU.Build.0 = Release|Any CPU
		{F202D9C0-AF67-4EAB-B260-25578CBB3C97}.Debug|Any CPU.ActiveCfg = Debug|Any CPU
		{F202D9C0-AF67-4EAB-B260-25578CBB3C97}.Debug|Any CPU.Build.0 = Debug|Any CPU
		{F202D9C0-AF67-4EAB-B260-25578CBB3C97}.Release|Any CPU.ActiveCfg = Release|Any CPU
		{F202D9C0-AF67-4EAB-B260-25578CBB3C97}.Release|Any CPU.Build.0 = Release|Any CPU
	EndGlobalSection
	GlobalSection(SolutionProperties) = preSolution
		HideSolutionNode = FALSE
	EndGlobalSection
	GlobalSection(NestedProjects) = preSolution
		{7F34BD8E-3639-41CC-8C21-3BA27E0021C0} = {24CD3C26-1EB6-4514-B88A-1A0D4F34C36D}
	EndGlobalSection
	GlobalSection(ExtensibilityGlobals) = postSolution
		SolutionGuid = {49D33AA8-6005-40FE-8AD5-3A30686F31CE}
	EndGlobalSection
EndGlobal
